// !$*UTF8*$!
{
	archiveVersion = 1;
	classes = {
	};
	objectVersion = 50;
	objects = {

/* Begin PBXBuildFile section */
		340B41F62535C6D100DD0505 /* AppDelegate.swift in Sources */ = {isa = PBXBuildFile; fileRef = 340B41F52535C6D100DD0505 /* AppDelegate.swift */; };
		340B41F82535C6D100DD0505 /* SceneDelegate.swift in Sources */ = {isa = PBXBuildFile; fileRef = 340B41F72535C6D100DD0505 /* SceneDelegate.swift */; };
		340B41FD2535C6D100DD0505 /* Main.storyboard in Resources */ = {isa = PBXBuildFile; fileRef = 340B41FB2535C6D100DD0505 /* Main.storyboard */; };
		340B42002535C6D100DD0505 /* MyMemory.xcdatamodeld in Sources */ = {isa = PBXBuildFile; fileRef = 340B41FE2535C6D100DD0505 /* MyMemory.xcdatamodeld */; };
		340B42022535C6D200DD0505 /* Assets.xcassets in Resources */ = {isa = PBXBuildFile; fileRef = 340B42012535C6D200DD0505 /* Assets.xcassets */; };
		340B42052535C6D200DD0505 /* LaunchScreen.storyboard in Resources */ = {isa = PBXBuildFile; fileRef = 340B42032535C6D200DD0505 /* LaunchScreen.storyboard */; };
		340B42112536077900DD0505 /* MemoReadVC.swift in Sources */ = {isa = PBXBuildFile; fileRef = 340B42102536077900DD0505 /* MemoReadVC.swift */; };
		340B42132536079C00DD0505 /* MemoListVC.swift in Sources */ = {isa = PBXBuildFile; fileRef = 340B42122536079C00DD0505 /* MemoListVC.swift */; };
		340B4215253607B300DD0505 /* MemoFormVC.swift in Sources */ = {isa = PBXBuildFile; fileRef = 340B4214253607B300DD0505 /* MemoFormVC.swift */; };
		340B42192536092500DD0505 /* MemoCell.swift in Sources */ = {isa = PBXBuildFile; fileRef = 340B42182536092500DD0505 /* MemoCell.swift */; };
		34A0B8922536BF8000302B8C /* MemoData.swift in Sources */ = {isa = PBXBuildFile; fileRef = 34A0B8912536BF8000302B8C /* MemoData.swift */; };
/* End PBXBuildFile section */

/* Begin PBXFileReference section */
		340B41F22535C6D100DD0505 /* MyMemory.app */ = {isa = PBXFileReference; explicitFileType = wrapper.application; includeInIndex = 0; path = MyMemory.app; sourceTree = BUILT_PRODUCTS_DIR; };
		340B41F52535C6D100DD0505 /* AppDelegate.swift */ = {isa = PBXFileReference; lastKnownFileType = sourcecode.swift; path = AppDelegate.swift; sourceTree = "<group>"; };
		340B41F72535C6D100DD0505 /* SceneDelegate.swift */ = {isa = PBXFileReference; lastKnownFileType = sourcecode.swift; path = SceneDelegate.swift; sourceTree = "<group>"; };
		340B41FC2535C6D100DD0505 /* Base */ = {isa = PBXFileReference; lastKnownFileType = file.storyboard; name = Base; path = Base.lproj/Main.storyboard; sourceTree = "<group>"; };
		340B41FF2535C6D100DD0505 /* MyMemory.xcdatamodel */ = {isa = PBXFileReference; lastKnownFileType = wrapper.xcdatamodel; path = MyMemory.xcdatamodel; sourceTree = "<group>"; };
		340B42012535C6D200DD0505 /* Assets.xcassets */ = {isa = PBXFileReference; lastKnownFileType = folder.assetcatalog; path = Assets.xcassets; sourceTree = "<group>"; };
		340B42042535C6D200DD0505 /* Base */ = {isa = PBXFileReference; lastKnownFileType = file.storyboard; name = Base; path = Base.lproj/LaunchScreen.storyboard; sourceTree = "<group>"; };
		340B42062535C6D200DD0505 /* Info.plist */ = {isa = PBXFileReference; lastKnownFileType = text.plist.xml; path = Info.plist; sourceTree = "<group>"; };
		340B42102536077900DD0505 /* MemoReadVC.swift */ = {isa = PBXFileReference; lastKnownFileType = sourcecode.swift; path = MemoReadVC.swift; sourceTree = "<group>"; };
		340B42122536079C00DD0505 /* MemoListVC.swift */ = {isa = PBXFileReference; lastKnownFileType = sourcecode.swift; path = MemoListVC.swift; sourceTree = "<group>"; };
		340B4214253607B300DD0505 /* MemoFormVC.swift */ = {isa = PBXFileReference; lastKnownFileType = sourcecode.swift; path = MemoFormVC.swift; sourceTree = "<group>"; };
		340B42182536092500DD0505 /* MemoCell.swift */ = {isa = PBXFileReference; lastKnownFileType = sourcecode.swift; path = MemoCell.swift; sourceTree = "<group>"; };
		34A0B8912536BF8000302B8C /* MemoData.swift */ = {isa = PBXFileReference; lastKnownFileType = sourcecode.swift; path = MemoData.swift; sourceTree = "<group>"; };
/* End PBXFileReference section */

/* Begin PBXFrameworksBuildPhase section */
		340B41EF2535C6D000DD0505 /* Frameworks */ = {
			isa = PBXFrameworksBuildPhase;
			buildActionMask = 2147483647;
			files = (
			);
			runOnlyForDeploymentPostprocessing = 0;
		};
/* End PBXFrameworksBuildPhase section */

/* Begin PBXGroup section */
		340B41E92535C6D000DD0505 = {
			isa = PBXGroup;
			children = (
				340B41F42535C6D100DD0505 /* MyMemory */,
				340B41F32535C6D100DD0505 /* Products */,
			);
			sourceTree = "<group>";
		};
		340B41F32535C6D100DD0505 /* Products */ = {
			isa = PBXGroup;
			children = (
				340B41F22535C6D100DD0505 /* MyMemory.app */,
			);
			name = Products;
			sourceTree = "<group>";
		};
		340B41F42535C6D100DD0505 /* MyMemory */ = {
			isa = PBXGroup;
			children = (
				340B41F52535C6D100DD0505 /* AppDelegate.swift */,
				340B41F72535C6D100DD0505 /* SceneDelegate.swift */,
				340B41FB2535C6D100DD0505 /* Main.storyboard */,
				340B42012535C6D200DD0505 /* Assets.xcassets */,
				340B42032535C6D200DD0505 /* LaunchScreen.storyboard */,
				340B42062535C6D200DD0505 /* Info.plist */,
				340B41FE2535C6D100DD0505 /* MyMemory.xcdatamodeld */,
				340B42122536079C00DD0505 /* MemoListVC.swift */,
				340B4214253607B300DD0505 /* MemoFormVC.swift */,
				340B42102536077900DD0505 /* MemoReadVC.swift */,
				340B42182536092500DD0505 /* MemoCell.swift */,
				34A0B8912536BF8000302B8C /* MemoData.swift */,
			);
			path = MyMemory;
			sourceTree = "<group>";
		};
/* End PBXGroup section */

/* Begin PBXNativeTarget section */
		340B41F12535C6D000DD0505 /* MyMemory */ = {
			isa = PBXNativeTarget;
			buildConfigurationList = 340B42092535C6D200DD0505 /* Build configuration list for PBXNativeTarget "MyMemory" */;
			buildPhases = (
				340B41EE2535C6D000DD0505 /* Sources */,
				340B41EF2535C6D000DD0505 /* Frameworks */,
				340B41F02535C6D000DD0505 /* Resources */,
			);
			buildRules = (
			);
			dependencies = (
			);
			name = MyMemory;
			productName = MyMemory;
			productReference = 340B41F22535C6D100DD0505 /* MyMemory.app */;
			productType = "com.apple.product-type.application";
		};
/* End PBXNativeTarget section */

/* Begin PBXProject section */
		340B41EA2535C6D000DD0505 /* Project object */ = {
			isa = PBXProject;
			attributes = {
				LastSwiftUpdateCheck = 1170;
				LastUpgradeCheck = 1170;
				ORGANIZATIONNAME = "정수범";
				TargetAttributes = {
					340B41F12535C6D000DD0505 = {
						CreatedOnToolsVersion = 11.7;
					};
				};
			};
			buildConfigurationList = 340B41ED2535C6D000DD0505 /* Build configuration list for PBXProject "MyMemory" */;
			compatibilityVersion = "Xcode 9.3";
			developmentRegion = en;
			hasScannedForEncodings = 0;
			knownRegions = (
				en,
				Base,
			);
			mainGroup = 340B41E92535C6D000DD0505;
			productRefGroup = 340B41F32535C6D100DD0505 /* Products */;
			projectDirPath = "";
			projectRoot = "";
			targets = (
				340B41F12535C6D000DD0505 /* MyMemory */,
			);
		};
/* End PBXProject section */

/* Begin PBXResourcesBuildPhase section */
		340B41F02535C6D000DD0505 /* Resources */ = {
			isa = PBXResourcesBuildPhase;
			buildActionMask = 2147483647;
			files = (
				340B42052535C6D200DD0505 /* LaunchScreen.storyboard in Resources */,
				340B42022535C6D200DD0505 /* Assets.xcassets in Resources */,
				340B41FD2535C6D100DD0505 /* Main.storyboard in Resources */,
			);
			runOnlyForDeploymentPostprocessing = 0;
		};
/* End PBXResourcesBuildPhase section */

/* Begin PBXSourcesBuildPhase section */
		340B41EE2535C6D000DD0505 /* Sources */ = {
			isa = PBXSourcesBuildPhase;
			buildActionMask = 2147483647;
			files = (
				340B42192536092500DD0505 /* MemoCell.swift in Sources */,
				34A0B8922536BF8000302B8C /* MemoData.swift in Sources */,
				340B42112536077900DD0505 /* MemoReadVC.swift in Sources */,
				340B42132536079C00DD0505 /* MemoListVC.swift in Sources */,
				340B4215253607B300DD0505 /* MemoFormVC.swift in Sources */,
				340B42002535C6D100DD0505 /* MyMemory.xcdatamodeld in Sources */,
				340B41F62535C6D100DD0505 /* AppDelegate.swift in Sources */,
				340B41F82535C6D100DD0505 /* SceneDelegate.swift in Sources */,
			);
			runOnlyForDeploymentPostprocessing = 0;
		};
/* End PBXSourcesBuildPhase section */

/* Begin PBXVariantGroup section */
		340B41FB2535C6D100DD0505 /* Main.storyboard */ = {
			isa = PBXVariantGroup;
			children = (
				340B41FC2535C6D100DD0505 /* Base */,
			);
			name = Main.storyboard;
			sourceTree = "<group>";
		};
		340B42032535C6D200DD0505 /* LaunchScreen.storyboard */ = {
			isa = PBXVariantGroup;
			children = (
				340B42042535C6D200DD0505 /* Base */,
			);
			name = LaunchScreen.storyboard;
			sourceTree = "<group>";
		};
/* End PBXVariantGroup section */

/* Begin XCBuildConfiguration section */
		340B42072535C6D200DD0505 /* Debug */ = {
			isa = XCBuildConfiguration;
			buildSettings = {
				ALWAYS_SEARCH_USER_PATHS = NO;
				CLANG_ANALYZER_NONNULL = YES;
				CLANG_ANALYZER_NUMBER_OBJECT_CONVERSION = YES_AGGRESSIVE;
				CLANG_CXX_LANGUAGE_STANDARD = "gnu++14";
				CLANG_CXX_LIBRARY = "libc++";
				CLANG_ENABLE_MODULES = YES;
				CLANG_ENABLE_OBJC_ARC = YES;
				CLANG_ENABLE_OBJC_WEAK = YES;
				CLANG_WARN_BLOCK_CAPTURE_AUTORELEASING = YES;
				CLANG_WARN_BOOL_CONVERSION = YES;
				CLANG_WARN_COMMA = YES;
				CLANG_WARN_CONSTANT_CONVERSION = YES;
				CLANG_WARN_DEPRECATED_OBJC_IMPLEMENTATIONS = YES;
				CLANG_WARN_DIRECT_OBJC_ISA_USAGE = YES_ERROR;
				CLANG_WARN_DOCUMENTATION_COMMENTS = YES;
				CLANG_WARN_EMPTY_BODY = YES;
				CLANG_WARN_ENUM_CONVERSION = YES;
				CLANG_WARN_INFINITE_RECURSION = YES;
				CLANG_WARN_INT_CONVERSION = YES;
				CLANG_WARN_NON_LITERAL_NULL_CONVERSION = YES;
				CLANG_WARN_OBJC_IMPLICIT_RETAIN_SELF = YES;
				CLANG_WARN_OBJC_LITERAL_CONVERSION = YES;
				CLANG_WARN_OBJC_ROOT_CLASS = YES_ERROR;
				CLANG_WARN_RANGE_LOOP_ANALYSIS = YES;
				CLANG_WARN_STRICT_PROTOTYPES = YES;
				CLANG_WARN_SUSPICIOUS_MOVE = YES;
				CLANG_WARN_UNGUARDED_AVAILABILITY = YES_AGGRESSIVE;
				CLANG_WARN_UNREACHABLE_CODE = YES;
				CLANG_WARN__DUPLICATE_METHOD_MATCH = YES;
				COPY_PHASE_STRIP = NO;
				DEBUG_INFORMATION_FORMAT = dwarf;
				ENABLE_STRICT_OBJC_MSGSEND = YES;
				ENABLE_TESTABILITY = YES;
				GCC_C_LANGUAGE_STANDARD = gnu11;
				GCC_DYNAMIC_NO_PIC = NO;
				GCC_NO_COMMON_BLOCKS = YES;
				GCC_OPTIMIZATION_LEVEL = 0;
				GCC_PREPROCESSOR_DEFINITIONS = (
					"DEBUG=1",
					"$(inherited)",
				);
				GCC_WARN_64_TO_32_BIT_CONVERSION = YES;
				GCC_WARN_ABOUT_RETURN_TYPE = YES_ERROR;
				GCC_WARN_UNDECLARED_SELECTOR = YES;
				GCC_WARN_UNINITIALIZED_AUTOS = YES_AGGRESSIVE;
				GCC_WARN_UNUSED_FUNCTION = YES;
				GCC_WARN_UNUSED_VARIABLE = YES;
				IPHONEOS_DEPLOYMENT_TARGET = 13.7;
				MTL_ENABLE_DEBUG_INFO = INCLUDE_SOURCE;
				MTL_FAST_MATH = YES;
				ONLY_ACTIVE_ARCH = YES;
				SDKROOT = iphoneos;
				SWIFT_ACTIVE_COMPILATION_CONDITIONS = DEBUG;
				SWIFT_OPTIMIZATION_LEVEL = "-Onone";
			};
			name = Debug;
		};
		340B42082535C6D200DD0505 /* Release */ = {
			isa = XCBuildConfiguration;
			buildSettings = {
				ALWAYS_SEARCH_USER_PATHS = NO;
				CLANG_ANALYZER_NONNULL = YES;
				CLANG_ANALYZER_NUMBER_OBJECT_CONVERSION = YES_AGGRESSIVE;
				CLANG_CXX_LANGUAGE_STANDARD = "gnu++14";
				CLANG_CXX_LIBRARY = "libc++";
				CLANG_ENABLE_MODULES = YES;
				CLANG_ENABLE_OBJC_ARC = YES;
				CLANG_ENABLE_OBJC_WEAK = YES;
				CLANG_WARN_BLOCK_CAPTURE_AUTORELEASING = YES;
				CLANG_WARN_BOOL_CONVERSION = YES;
				CLANG_WARN_COMMA = YES;
				CLANG_WARN_CONSTANT_CONVERSION = YES;
				CLANG_WARN_DEPRECATED_OBJC_IMPLEMENTATIONS = YES;
				CLANG_WARN_DIRECT_OBJC_ISA_USAGE = YES_ERROR;
				CLANG_WARN_DOCUMENTATION_COMMENTS = YES;
				CLANG_WARN_EMPTY_BODY = YES;
				CLANG_WARN_ENUM_CONVERSION = YES;
				CLANG_WARN_INFINITE_RECURSION = YES;
				CLANG_WARN_INT_CONVERSION = YES;
				CLANG_WARN_NON_LITERAL_NULL_CONVERSION = YES;
				CLANG_WARN_OBJC_IMPLICIT_RETAIN_SELF = YES;
				CLANG_WARN_OBJC_LITERAL_CONVERSION = YES;
				CLANG_WARN_OBJC_ROOT_CLASS = YES_ERROR;
				CLANG_WARN_RANGE_LOOP_ANALYSIS = YES;
				CLANG_WARN_STRICT_PROTOTYPES = YES;
				CLANG_WARN_SUSPICIOUS_MOVE = YES;
				CLANG_WARN_UNGUARDED_AVAILABILITY = YES_AGGRESSIVE;
				CLANG_WARN_UNREACHABLE_CODE = YES;
				CLANG_WARN__DUPLICATE_METHOD_MATCH = YES;
				COPY_PHASE_STRIP = NO;
				DEBUG_INFORMATION_FORMAT = "dwarf-with-dsym";
				ENABLE_NS_ASSERTIONS = NO;
				ENABLE_STRICT_OBJC_MSGSEND = YES;
				GCC_C_LANGUAGE_STANDARD = gnu11;
				GCC_NO_COMMON_BLOCKS = YES;
				GCC_WARN_64_TO_32_BIT_CONVERSION = YES;
				GCC_WARN_ABOUT_RETURN_TYPE = YES_ERROR;
				GCC_WARN_UNDECLARED_SELECTOR = YES;
				GCC_WARN_UNINITIALIZED_AUTOS = YES_AGGRESSIVE;
				GCC_WARN_UNUSED_FUNCTION = YES;
				GCC_WARN_UNUSED_VARIABLE = YES;
				IPHONEOS_DEPLOYMENT_TARGET = 13.7;
				MTL_ENABLE_DEBUG_INFO = NO;
				MTL_FAST_MATH = YES;
				SDKROOT = iphoneos;
				SWIFT_COMPILATION_MODE = wholemodule;
				SWIFT_OPTIMIZATION_LEVEL = "-O";
				VALIDATE_PRODUCT = YES;
			};
			name = Release;
		};
		340B420A2535C6D200DD0505 /* Debug */ = {
			isa = XCBuildConfiguration;
			buildSettings = {
				ASSETCATALOG_COMPILER_APPICON_NAME = AppIcon;
				CODE_SIGN_STYLE = Automatic;
				INFOPLIST_FILE = MyMemory/Info.plist;
				LD_RUNPATH_SEARCH_PATHS = (
					"$(inherited)",
					"@executable_path/Frameworks",
				);
				PRODUCT_BUNDLE_IDENTIFIER = soobeom.MyMemory;
				PRODUCT_NAME = "$(TARGET_NAME)";
				SWIFT_VERSION = 5.0;
				TARGETED_DEVICE_FAMILY = 1;
			};
			name = Debug;
		};
		340B420B2535C6D200DD0505 /* Release */ = {
			isa = XCBuildConfiguration;
			buildSettings = {
				ASSETCATALOG_COMPILER_APPICON_NAME = AppIcon;
				CODE_SIGN_STYLE = Automatic;
				INFOPLIST_FILE = MyMemory/Info.plist;
				LD_RUNPATH_SEARCH_PATHS = (
					"$(inherited)",
					"@executable_path/Frameworks",
				);
				PRODUCT_BUNDLE_IDENTIFIER = soobeom.MyMemory;
				PRODUCT_NAME = "$(TARGET_NAME)";
				SWIFT_VERSION = 5.0;
				TARGETED_DEVICE_FAMILY = 1;
			};
			name = Release;
		};
/* End XCBuildConfiguration section */

/* Begin XCConfigurationList section */
		340B41ED2535C6D000DD0505 /* Build configuration list for PBXProject "MyMemory" */ = {
			isa = XCConfigurationList;
			buildConfigurations = (
				340B42072535C6D200DD0505 /* Debug */,
				340B42082535C6D200DD0505 /* Release */,
			);
			defaultConfigurationIsVisible = 0;
			defaultConfigurationName = Release;
		};
		340B42092535C6D200DD0505 /* Build configuration list for PBXNativeTarget "MyMemory" */ = {
			isa = XCConfigurationList;
			buildConfigurations = (
				340B420A2535C6D200DD0505 /* Debug */,
				340B420B2535C6D200DD0505 /* Release */,
			);
			defaultConfigurationIsVisible = 0;
			defaultConfigurationName = Release;
		};
/* End XCConfigurationList section */

/* Begin XCVersionGroup section */
		340B41FE2535C6D100DD0505 /* MyMemory.xcdatamodeld */ = {
			isa = XCVersionGroup;
			children = (
				340B41FF2535C6D100DD0505 /* MyMemory.xcdatamodel */,
			);
			currentVersion = 340B41FF2535C6D100DD0505 /* MyMemory.xcdatamodel */;
			path = MyMemory.xcdatamodeld;
			sourceTree = "<group>";
			versionGroupType = wrapper.xcdatamodel;
		};
/* End XCVersionGroup section */
	};
	rootObject = 340B41EA2535C6D000DD0505 /* Project object */;
}
